PODS:
  - Masonry (1.1.0)
  - SDWebImage (4.4.2):
    - SDWebImage/Core (= 4.4.2)
  - SDWebImage/Core (4.4.2)
  - TFHpple (2.0.0)
  - Toast (4.0.0)

DEPENDENCIES:
  - Masonry
  - SDWebImage (~> 4.0)
  - TFHpple
  - Toast (~> 4.0.0)

SPEC CHECKSUMS:
  Masonry: 678fab65091a9290e40e2832a55e7ab731aad201
  SDWebImage: 624d6e296c69b244bcede364c72ae0430ac14681
  TFHpple: a916fe0799eb30aa29b2670d14d5868cdd3a5b81
  Toast: 91b396c56ee72a5790816f40d3a94dd357abc196

PODFILE CHECKSUM: ca634f77d5b05e5d436a6ce6ca57e6adb7082c7b

COCOAPODS: 1.2.1
