PODS:
  - Masonry (1.0.2)
  - SDWebImage (4.0.0):
    - SDWebImage/Core (= 4.0.0)
  - SDWebImage/Core (4.0.0)
  - TFHpple (2.0.0)

DEPENDENCIES:
  - Masonry
  - SDWebImage (~> 4.0)
  - TFHpple

SPEC CHECKSUMS:
  Masonry: 7c429b56da9d4ee0bbb3ed77a5ea710d6a5df39e
  SDWebImage: 76a6348bdc74eb5a55dd08a091ef298e56b55e41
  TFHpple: a916fe0799eb30aa29b2670d14d5868cdd3a5b81

PODFILE CHECKSUM: 2e3f91e4bd502c9db0c3cbeafaff24f9618779d7

COCOAPODS: 1.4.0
